
Microsoft Visual Studio Solution File, Format Version 12.00
# Visual Studio 15
VisualStudioVersion = 15.0.28010.2036
MinimumVisualStudioVersion = 10.0.40219.1
Project("{FAE04EC0-301F-11D3-BF4B-00C04F79EFBC}") = "Tesis20", "Tesis20\Tesis20.csproj", "{AAAF4EAA-810C-4B3B-9EF3-1DDF9C95D17F}"
EndProject
Global
	GlobalSection(SolutionConfigurationPlatforms) = preSolution
		Debug|Any CPU = Debug|Any CPU
		Release|Any CPU = Release|Any CPU
	EndGlobalSection
	GlobalSection(ProjectConfigurationPlatforms) = postSolution
		{AAAF4EAA-810C-4B3B-9EF3-1DDF9C95D17F}.Debug|Any CPU.ActiveCfg = Debug|Any CPU
		{AAAF4EAA-810C-4B3B-9EF3-1DDF9C95D17F}.Debug|Any CPU.Build.0 = Debug|Any CPU
		{AAAF4EAA-810C-4B3B-9EF3-1DDF9C95D17F}.Release|Any CPU.ActiveCfg = Release|Any CPU
		{AAAF4EAA-810C-4B3B-9EF3-1DDF9C95D17F}.Release|Any CPU.Build.0 = Release|Any CPU
	EndGlobalSection
	GlobalSection(SolutionProperties) = preSolution
		HideSolutionNode = FALSE
	EndGlobalSection
	GlobalSection(ExtensibilityGlobals) = postSolution
		SolutionGuid = {AC164DCD-1B5A-410F-A0AB-08006118131E}
	EndGlobalSection
EndGlobal
